// !$*UTF8*$!
{
	archiveVersion = 1;
	classes = {
	};
	objectVersion = 50;
	objects = {

/* Begin PBXBuildFile section */
		D81FAD7426CD1EAD00B4BFFC /* AppDelegate.swift in Sources */ = {isa = PBXBuildFile; fileRef = D81FAD7326CD1EAD00B4BFFC /* AppDelegate.swift */; };
		D81FAD7626CD1EAD00B4BFFC /* SceneDelegate.swift in Sources */ = {isa = PBXBuildFile; fileRef = D81FAD7526CD1EAD00B4BFFC /* SceneDelegate.swift */; };
		D81FAD7826CD1EAD00B4BFFC /* ProductsViewController.swift in Sources */ = {isa = PBXBuildFile; fileRef = D81FAD7726CD1EAD00B4BFFC /* ProductsViewController.swift */; };
		D81FAD7B26CD1EAD00B4BFFC /* Main.storyboard in Resources */ = {isa = PBXBuildFile; fileRef = D81FAD7926CD1EAD00B4BFFC /* Main.storyboard */; };
		D81FAD7D26CD1EB000B4BFFC /* Assets.xcassets in Resources */ = {isa = PBXBuildFile; fileRef = D81FAD7C26CD1EB000B4BFFC /* Assets.xcassets */; };
		D81FAD8026CD1EB000B4BFFC /* LaunchScreen.storyboard in Resources */ = {isa = PBXBuildFile; fileRef = D81FAD7E26CD1EB000B4BFFC /* LaunchScreen.storyboard */; };
		D81FAD8826CD203100B4BFFC /* Product.swift in Sources */ = {isa = PBXBuildFile; fileRef = D81FAD8726CD203100B4BFFC /* Product.swift */; };
		D81FAD8A26CD2B6200B4BFFC /* FullViewController.swift in Sources */ = {isa = PBXBuildFile; fileRef = D81FAD8926CD2B6200B4BFFC /* FullViewController.swift */; };
		D81FAD8C26CD337200B4BFFC /* ContactViewController.swift in Sources */ = {isa = PBXBuildFile; fileRef = D81FAD8B26CD337200B4BFFC /* ContactViewController.swift */; };
/* End PBXBuildFile section */

/* Begin PBXFileReference section */
		D81FAD7026CD1EAD00B4BFFC /* GoodAsOldPhones.app */ = {isa = PBXFileReference; explicitFileType = wrapper.application; includeInIndex = 0; path = GoodAsOldPhones.app; sourceTree = BUILT_PRODUCTS_DIR; };
		D81FAD7326CD1EAD00B4BFFC /* AppDelegate.swift */ = {isa = PBXFileReference; lastKnownFileType = sourcecode.swift; path = AppDelegate.swift; sourceTree = "<group>"; };
		D81FAD7526CD1EAD00B4BFFC /* SceneDelegate.swift */ = {isa = PBXFileReference; lastKnownFileType = sourcecode.swift; path = SceneDelegate.swift; sourceTree = "<group>"; };
		D81FAD7726CD1EAD00B4BFFC /* ProductsViewController.swift */ = {isa = PBXFileReference; lastKnownFileType = sourcecode.swift; path = ProductsViewController.swift; sourceTree = "<group>"; };
		D81FAD7A26CD1EAD00B4BFFC /* Base */ = {isa = PBXFileReference; lastKnownFileType = file.storyboard; name = Base; path = Base.lproj/Main.storyboard; sourceTree = "<group>"; };
		D81FAD7C26CD1EB000B4BFFC /* Assets.xcassets */ = {isa = PBXFileReference; lastKnownFileType = folder.assetcatalog; path = Assets.xcassets; sourceTree = "<group>"; };
		D81FAD7F26CD1EB000B4BFFC /* Base */ = {isa = PBXFileReference; lastKnownFileType = file.storyboard; name = Base; path = Base.lproj/LaunchScreen.storyboard; sourceTree = "<group>"; };
		D81FAD8126CD1EB000B4BFFC /* Info.plist */ = {isa = PBXFileReference; lastKnownFileType = text.plist.xml; path = Info.plist; sourceTree = "<group>"; };
		D81FAD8726CD203100B4BFFC /* Product.swift */ = {isa = PBXFileReference; lastKnownFileType = sourcecode.swift; path = Product.swift; sourceTree = "<group>"; };
		D81FAD8926CD2B6200B4BFFC /* FullViewController.swift */ = {isa = PBXFileReference; lastKnownFileType = sourcecode.swift; path = FullViewController.swift; sourceTree = "<group>"; };
		D81FAD8B26CD337200B4BFFC /* ContactViewController.swift */ = {isa = PBXFileReference; lastKnownFileType = sourcecode.swift; path = ContactViewController.swift; sourceTree = "<group>"; };
/* End PBXFileReference section */

/* Begin PBXFrameworksBuildPhase section */
		D81FAD6D26CD1EAD00B4BFFC /* Frameworks */ = {
			isa = PBXFrameworksBuildPhase;
			buildActionMask = 2147483647;
			files = (
			);
			runOnlyForDeploymentPostprocessing = 0;
		};
/* End PBXFrameworksBuildPhase section */

/* Begin PBXGroup section */
		D81FAD6726CD1EAD00B4BFFC = {
			isa = PBXGroup;
			children = (
				D81FAD7226CD1EAD00B4BFFC /* GoodAsOldPhones */,
				D81FAD7126CD1EAD00B4BFFC /* Products */,
			);
			sourceTree = "<group>";
		};
		D81FAD7126CD1EAD00B4BFFC /* Products */ = {
			isa = PBXGroup;
			children = (
				D81FAD7026CD1EAD00B4BFFC /* GoodAsOldPhones.app */,
			);
			name = Products;
			sourceTree = "<group>";
		};
		D81FAD7226CD1EAD00B4BFFC /* GoodAsOldPhones */ = {
			isa = PBXGroup;
			children = (
				D81FAD7326CD1EAD00B4BFFC /* AppDelegate.swift */,
				D81FAD7526CD1EAD00B4BFFC /* SceneDelegate.swift */,
				D81FAD7726CD1EAD00B4BFFC /* ProductsViewController.swift */,
				D81FAD8926CD2B6200B4BFFC /* FullViewController.swift */,
				D81FAD8B26CD337200B4BFFC /* ContactViewController.swift */,
				D81FAD7926CD1EAD00B4BFFC /* Main.storyboard */,
				D81FAD8726CD203100B4BFFC /* Product.swift */,
				D81FAD7C26CD1EB000B4BFFC /* Assets.xcassets */,
				D81FAD7E26CD1EB000B4BFFC /* LaunchScreen.storyboard */,
				D81FAD8126CD1EB000B4BFFC /* Info.plist */,
			);
			path = GoodAsOldPhones;
			sourceTree = "<group>";
		};
/* End PBXGroup section */

/* Begin PBXNativeTarget section */
		D81FAD6F26CD1EAD00B4BFFC /* GoodAsOldPhones */ = {
			isa = PBXNativeTarget;
			buildConfigurationList = D81FAD8426CD1EB000B4BFFC /* Build configuration list for PBXNativeTarget "GoodAsOldPhones" */;
			buildPhases = (
				D81FAD6C26CD1EAD00B4BFFC /* Sources */,
				D81FAD6D26CD1EAD00B4BFFC /* Frameworks */,
				D81FAD6E26CD1EAD00B4BFFC /* Resources */,
			);
			buildRules = (
			);
			dependencies = (
			);
			name = GoodAsOldPhones;
			productName = GoodAsOldPhones;
			productReference = D81FAD7026CD1EAD00B4BFFC /* GoodAsOldPhones.app */;
			productType = "com.apple.product-type.application";
		};
/* End PBXNativeTarget section */

/* Begin PBXProject section */
		D81FAD6826CD1EAD00B4BFFC /* Project object */ = {
			isa = PBXProject;
			attributes = {
				LastSwiftUpdateCheck = 1250;
				LastUpgradeCheck = 1250;
				TargetAttributes = {
					D81FAD6F26CD1EAD00B4BFFC = {
						CreatedOnToolsVersion = 12.5.1;
					};
				};
			};
			buildConfigurationList = D81FAD6B26CD1EAD00B4BFFC /* Build configuration list for PBXProject "GoodAsOldPhones" */;
			compatibilityVersion = "Xcode 9.3";
			developmentRegion = en;
			hasScannedForEncodings = 0;
			knownRegions = (
				en,
				Base,
			);
			mainGroup = D81FAD6726CD1EAD00B4BFFC;
			productRefGroup = D81FAD7126CD1EAD00B4BFFC /* Products */;
			projectDirPath = "";
			projectRoot = "";
			targets = (
				D81FAD6F26CD1EAD00B4BFFC /* GoodAsOldPhones */,
			);
		};
/* End PBXProject section */

/* Begin PBXResourcesBuildPhase section */
		D81FAD6E26CD1EAD00B4BFFC /* Resources */ = {
			isa = PBXResourcesBuildPhase;
			buildActionMask = 2147483647;
			files = (
				D81FAD8026CD1EB000B4BFFC /* LaunchScreen.storyboard in Resources */,
				D81FAD7D26CD1EB000B4BFFC /* Assets.xcassets in Resources */,
				D81FAD7B26CD1EAD00B4BFFC /* Main.storyboard in Resources */,
			);
			runOnlyForDeploymentPostprocessing = 0;
		};
/* End PBXResourcesBuildPhase section */

/* Begin PBXSourcesBuildPhase section */
		D81FAD6C26CD1EAD00B4BFFC /* Sources */ = {
			isa = PBXSourcesBuildPhase;
			buildActionMask = 2147483647;
			files = (
				D81FAD7826CD1EAD00B4BFFC /* ProductsViewController.swift in Sources */,
				D81FAD8826CD203100B4BFFC /* Product.swift in Sources */,
				D81FAD8A26CD2B6200B4BFFC /* FullViewController.swift in Sources */,
				D81FAD7426CD1EAD00B4BFFC /* AppDelegate.swift in Sources */,
				D81FAD7626CD1EAD00B4BFFC /* SceneDelegate.swift in Sources */,
				D81FAD8C26CD337200B4BFFC /* ContactViewController.swift in Sources */,
			);
			runOnlyForDeploymentPostprocessing = 0;
		};
/* End PBXSourcesBuildPhase section */

/* Begin PBXVariantGroup section */
		D81FAD7926CD1EAD00B4BFFC /* Main.storyboard */ = {
			isa = PBXVariantGroup;
			children = (
				D81FAD7A26CD1EAD00B4BFFC /* Base */,
			);
			name = Main.storyboard;
			sourceTree = "<group>";
		};
		D81FAD7E26CD1EB000B4BFFC /* LaunchScreen.storyboard */ = {
			isa = PBXVariantGroup;
			children = (
				D81FAD7F26CD1EB000B4BFFC /* Base */,
			);
			name = LaunchScreen.storyboard;
			sourceTree = "<group>";
		};
/* End PBXVariantGroup section */

/* Begin XCBuildConfiguration section */
		D81FAD8226CD1EB000B4BFFC /* Debug */ = {
			isa = XCBuildConfiguration;
			buildSettings = {
				ALWAYS_SEARCH_USER_PATHS = NO;
				CLANG_ANALYZER_NONNULL = YES;
				CLANG_ANALYZER_NUMBER_OBJECT_CONVERSION = YES_AGGRESSIVE;
				CLANG_CXX_LANGUAGE_STANDARD = "gnu++14";
				CLANG_CXX_LIBRARY = "libc++";
				CLANG_ENABLE_MODULES = YES;
				CLANG_ENABLE_OBJC_ARC = YES;
				CLANG_ENABLE_OBJC_WEAK = YES;
				CLANG_WARN_BLOCK_CAPTURE_AUTORELEASING = YES;
				CLANG_WARN_BOOL_CONVERSION = YES;
				CLANG_WARN_COMMA = YES;
				CLANG_WARN_CONSTANT_CONVERSION = YES;
				CLANG_WARN_DEPRECATED_OBJC_IMPLEMENTATIONS = YES;
				CLANG_WARN_DIRECT_OBJC_ISA_USAGE = YES_ERROR;
				CLANG_WARN_DOCUMENTATION_COMMENTS = YES;
				CLANG_WARN_EMPTY_BODY = YES;
				CLANG_WARN_ENUM_CONVERSION = YES;
				CLANG_WARN_INFINITE_RECURSION = YES;
				CLANG_WARN_INT_CONVERSION = YES;
				CLANG_WARN_NON_LITERAL_NULL_CONVERSION = YES;
				CLANG_WARN_OBJC_IMPLICIT_RETAIN_SELF = YES;
				CLANG_WARN_OBJC_LITERAL_CONVERSION = YES;
				CLANG_WARN_OBJC_ROOT_CLASS = YES_ERROR;
				CLANG_WARN_QUOTED_INCLUDE_IN_FRAMEWORK_HEADER = YES;
				CLANG_WARN_RANGE_LOOP_ANALYSIS = YES;
				CLANG_WARN_STRICT_PROTOTYPES = YES;
				CLANG_WARN_SUSPICIOUS_MOVE = YES;
				CLANG_WARN_UNGUARDED_AVAILABILITY = YES_AGGRESSIVE;
				CLANG_WARN_UNREACHABLE_CODE = YES;
				CLANG_WARN__DUPLICATE_METHOD_MATCH = YES;
				COPY_PHASE_STRIP = NO;
				DEBUG_INFORMATION_FORMAT = dwarf;
				ENABLE_STRICT_OBJC_MSGSEND = YES;
				ENABLE_TESTABILITY = YES;
				GCC_C_LANGUAGE_STANDARD = gnu11;
				GCC_DYNAMIC_NO_PIC = NO;
				GCC_NO_COMMON_BLOCKS = YES;
				GCC_OPTIMIZATION_LEVEL = 0;
				GCC_PREPROCESSOR_DEFINITIONS = (
					"DEBUG=1",
					"$(inherited)",
				);
				GCC_WARN_64_TO_32_BIT_CONVERSION = YES;
				GCC_WARN_ABOUT_RETURN_TYPE = YES_ERROR;
				GCC_WARN_UNDECLARED_SELECTOR = YES;
				GCC_WARN_UNINITIALIZED_AUTOS = YES_AGGRESSIVE;
				GCC_WARN_UNUSED_FUNCTION = YES;
				GCC_WARN_UNUSED_VARIABLE = YES;
				IPHONEOS_DEPLOYMENT_TARGET = 14.5;
				MTL_ENABLE_DEBUG_INFO = INCLUDE_SOURCE;
				MTL_FAST_MATH = YES;
				ONLY_ACTIVE_ARCH = YES;
				SDKROOT = iphoneos;
				SWIFT_ACTIVE_COMPILATION_CONDITIONS = DEBUG;
				SWIFT_OPTIMIZATION_LEVEL = "-Onone";
			};
			name = Debug;
		};
		D81FAD8326CD1EB000B4BFFC /* Release */ = {
			isa = XCBuildConfiguration;
			buildSettings = {
				ALWAYS_SEARCH_USER_PATHS = NO;
				CLANG_ANALYZER_NONNULL = YES;
				CLANG_ANALYZER_NUMBER_OBJECT_CONVERSION = YES_AGGRESSIVE;
				CLANG_CXX_LANGUAGE_STANDARD = "gnu++14";
				CLANG_CXX_LIBRARY = "libc++";
				CLANG_ENABLE_MODULES = YES;
				CLANG_ENABLE_OBJC_ARC = YES;
				CLANG_ENABLE_OBJC_WEAK = YES;
				CLANG_WARN_BLOCK_CAPTURE_AUTORELEASING = YES;
				CLANG_WARN_BOOL_CONVERSION = YES;
				CLANG_WARN_COMMA = YES;
				CLANG_WARN_CONSTANT_CONVERSION = YES;
				CLANG_WARN_DEPRECATED_OBJC_IMPLEMENTATIONS = YES;
				CLANG_WARN_DIRECT_OBJC_ISA_USAGE = YES_ERROR;
				CLANG_WARN_DOCUMENTATION_COMMENTS = YES;
				CLANG_WARN_EMPTY_BODY = YES;
				CLANG_WARN_ENUM_CONVERSION = YES;
				CLANG_WARN_INFINITE_RECURSION = YES;
				CLANG_WARN_INT_CONVERSION = YES;
				CLANG_WARN_NON_LITERAL_NULL_CONVERSION = YES;
				CLANG_WARN_OBJC_IMPLICIT_RETAIN_SELF = YES;
				CLANG_WARN_OBJC_LITERAL_CONVERSION = YES;
				CLANG_WARN_OBJC_ROOT_CLASS = YES_ERROR;
				CLANG_WARN_QUOTED_INCLUDE_IN_FRAMEWORK_HEADER = YES;
				CLANG_WARN_RANGE_LOOP_ANALYSIS = YES;
				CLANG_WARN_STRICT_PROTOTYPES = YES;
				CLANG_WARN_SUSPICIOUS_MOVE = YES;
				CLANG_WARN_UNGUARDED_AVAILABILITY = YES_AGGRESSIVE;
				CLANG_WARN_UNREACHABLE_CODE = YES;
				CLANG_WARN__DUPLICATE_METHOD_MATCH = YES;
				COPY_PHASE_STRIP = NO;
				DEBUG_INFORMATION_FORMAT = "dwarf-with-dsym";
				ENABLE_NS_ASSERTIONS = NO;
				ENABLE_STRICT_OBJC_MSGSEND = YES;
				GCC_C_LANGUAGE_STANDARD = gnu11;
				GCC_NO_COMMON_BLOCKS = YES;
				GCC_WARN_64_TO_32_BIT_CONVERSION = YES;
				GCC_WARN_ABOUT_RETURN_TYPE = YES_ERROR;
				GCC_WARN_UNDECLARED_SELECTOR = YES;
				GCC_WARN_UNINITIALIZED_AUTOS = YES_AGGRESSIVE;
				GCC_WARN_UNUSED_FUNCTION = YES;
				GCC_WARN_UNUSED_VARIABLE = YES;
				IPHONEOS_DEPLOYMENT_TARGET = 14.5;
				MTL_ENABLE_DEBUG_INFO = NO;
				MTL_FAST_MATH = YES;
				SDKROOT = iphoneos;
				SWIFT_COMPILATION_MODE = wholemodule;
				SWIFT_OPTIMIZATION_LEVEL = "-O";
				VALIDATE_PRODUCT = YES;
			};
			name = Release;
		};
		D81FAD8526CD1EB000B4BFFC /* Debug */ = {
			isa = XCBuildConfiguration;
			buildSettings = {
				ASSETCATALOG_COMPILER_APPICON_NAME = AppIcon;
				ASSETCATALOG_COMPILER_GLOBAL_ACCENT_COLOR_NAME = AccentColor;
				CODE_SIGN_STYLE = Automatic;
				DEVELOPMENT_TEAM = SPJ3VZVK78;
				INFOPLIST_FILE = GoodAsOldPhones/Info.plist;
				LD_RUNPATH_SEARCH_PATHS = (
					"$(inherited)",
					"@executable_path/Frameworks",
				);
				PRODUCT_BUNDLE_IDENTIFIER = beomsoo.GoodAsOldPhones;
				PRODUCT_NAME = "$(TARGET_NAME)";
				SWIFT_VERSION = 5.0;
				TARGETED_DEVICE_FAMILY = "1,2";
			};
			name = Debug;
		};
		D81FAD8626CD1EB000B4BFFC /* Release */ = {
			isa = XCBuildConfiguration;
			buildSettings = {
				ASSETCATALOG_COMPILER_APPICON_NAME = AppIcon;
				ASSETCATALOG_COMPILER_GLOBAL_ACCENT_COLOR_NAME = AccentColor;
				CODE_SIGN_STYLE = Automatic;
				DEVELOPMENT_TEAM = SPJ3VZVK78;
				INFOPLIST_FILE = GoodAsOldPhones/Info.plist;
				LD_RUNPATH_SEARCH_PATHS = (
					"$(inherited)",
					"@executable_path/Frameworks",
				);
				PRODUCT_BUNDLE_IDENTIFIER = beomsoo.GoodAsOldPhones;
				PRODUCT_NAME = "$(TARGET_NAME)";
				SWIFT_VERSION = 5.0;
				TARGETED_DEVICE_FAMILY = "1,2";
			};
			name = Release;
		};
/* End XCBuildConfiguration section */

/* Begin XCConfigurationList section */
		D81FAD6B26CD1EAD00B4BFFC /* Build configuration list for PBXProject "GoodAsOldPhones" */ = {
			isa = XCConfigurationList;
			buildConfigurations = (
				D81FAD8226CD1EB000B4BFFC /* Debug */,
				D81FAD8326CD1EB000B4BFFC /* Release */,
			);
			defaultConfigurationIsVisible = 0;
			defaultConfigurationName = Release;
		};
		D81FAD8426CD1EB000B4BFFC /* Build configuration list for PBXNativeTarget "GoodAsOldPhones" */ = {
			isa = XCConfigurationList;
			buildConfigurations = (
				D81FAD8526CD1EB000B4BFFC /* Debug */,
				D81FAD8626CD1EB000B4BFFC /* Release */,
			);
			defaultConfigurationIsVisible = 0;
			defaultConfigurationName = Release;
		};
/* End XCConfigurationList section */
	};
	rootObject = D81FAD6826CD1EAD00B4BFFC /* Project object */;
}
